
Microsoft Visual Studio Solution File, Format Version 12.00
# Visual Studio Version 17
VisualStudioVersion = 17.3.32929.385
MinimumVisualStudioVersion = 10.0.40219.1
Project("{9A19103F-16F7-4668-BE54-9A1E7A4F7556}") = "FizzBuzzApp", "FizzBuzzApp\FizzBuzzApp.csproj", "{F3B1AF4E-1852-46C1-8D67-0809B2ED63B5}"
EndProject
Project("{9A19103F-16F7-4668-BE54-9A1E7A4F7556}") = "FizzBuzzTests", "FizzBuzzTests\FizzBuzzTests.csproj", "{D2CCDBBE-8017-44BE-A942-EB5B4393939F}"
EndProject
Project("{9A19103F-16F7-4668-BE54-9A1E7A4F7556}") = "MoneyProblem", "MoneyProblem\MoneyProblem.csproj", "{DB0C7212-3CDC-4C62-B8D2-A2C1FD474AFD}"
EndProject
Project("{9A19103F-16F7-4668-BE54-9A1E7A4F7556}") = "MoneyProblemTests", "MoneyProblemTests\MoneyProblemTests.csproj", "{E48F55BA-E060-4B83-8E8A-7F312DEE17AE}"
EndProject
Project("{FAE04EC0-301F-11D3-BF4B-00C04F79EFBC}") = "RomanNumerals", "RomanNumerals\RomanNumerals.csproj", "{45A0E794-7288-4333-99DD-ADAAA9B97176}"
EndProject
Project("{FAE04EC0-301F-11D3-BF4B-00C04F79EFBC}") = "RomanNumeralsTests", "RomanNumeralsTests\RomanNumeralsTests.csproj", "{E25EE4B8-61D6-492D-AF1F-9124FA4BE402}"
EndProject
Global
	GlobalSection(SolutionConfigurationPlatforms) = preSolution
		Debug|Any CPU = Debug|Any CPU
		Release|Any CPU = Release|Any CPU
	EndGlobalSection
	GlobalSection(ProjectConfigurationPlatforms) = postSolution
		{F3B1AF4E-1852-46C1-8D67-0809B2ED63B5}.Debug|Any CPU.ActiveCfg = Debug|Any CPU
		{F3B1AF4E-1852-46C1-8D67-0809B2ED63B5}.Debug|Any CPU.Build.0 = Debug|Any CPU
		{F3B1AF4E-1852-46C1-8D67-0809B2ED63B5}.Release|Any CPU.ActiveCfg = Release|Any CPU
		{F3B1AF4E-1852-46C1-8D67-0809B2ED63B5}.Release|Any CPU.Build.0 = Release|Any CPU
		{D2CCDBBE-8017-44BE-A942-EB5B4393939F}.Debug|Any CPU.ActiveCfg = Debug|Any CPU
		{D2CCDBBE-8017-44BE-A942-EB5B4393939F}.Debug|Any CPU.Build.0 = Debug|Any CPU
		{D2CCDBBE-8017-44BE-A942-EB5B4393939F}.Release|Any CPU.ActiveCfg = Release|Any CPU
		{D2CCDBBE-8017-44BE-A942-EB5B4393939F}.Release|Any CPU.Build.0 = Release|Any CPU
		{DB0C7212-3CDC-4C62-B8D2-A2C1FD474AFD}.Debug|Any CPU.ActiveCfg = Debug|Any CPU
		{DB0C7212-3CDC-4C62-B8D2-A2C1FD474AFD}.Debug|Any CPU.Build.0 = Debug|Any CPU
		{DB0C7212-3CDC-4C62-B8D2-A2C1FD474AFD}.Release|Any CPU.ActiveCfg = Release|Any CPU
		{DB0C7212-3CDC-4C62-B8D2-A2C1FD474AFD}.Release|Any CPU.Build.0 = Release|Any CPU
		{E48F55BA-E060-4B83-8E8A-7F312DEE17AE}.Debug|Any CPU.ActiveCfg = Debug|Any CPU
		{E48F55BA-E060-4B83-8E8A-7F312DEE17AE}.Debug|Any CPU.Build.0 = Debug|Any CPU
		{E48F55BA-E060-4B83-8E8A-7F312DEE17AE}.Release|Any CPU.ActiveCfg = Release|Any CPU
		{E48F55BA-E060-4B83-8E8A-7F312DEE17AE}.Release|Any CPU.Build.0 = Release|Any CPU
		{45A0E794-7288-4333-99DD-ADAAA9B97176}.Debug|Any CPU.ActiveCfg = Debug|Any CPU
		{45A0E794-7288-4333-99DD-ADAAA9B97176}.Debug|Any CPU.Build.0 = Debug|Any CPU
		{45A0E794-7288-4333-99DD-ADAAA9B97176}.Release|Any CPU.ActiveCfg = Release|Any CPU
		{45A0E794-7288-4333-99DD-ADAAA9B97176}.Release|Any CPU.Build.0 = Release|Any CPU
		{E25EE4B8-61D6-492D-AF1F-9124FA4BE402}.Debug|Any CPU.ActiveCfg = Debug|Any CPU
		{E25EE4B8-61D6-492D-AF1F-9124FA4BE402}.Debug|Any CPU.Build.0 = Debug|Any CPU
		{E25EE4B8-61D6-492D-AF1F-9124FA4BE402}.Release|Any CPU.ActiveCfg = Release|Any CPU
		{E25EE4B8-61D6-492D-AF1F-9124FA4BE402}.Release|Any CPU.Build.0 = Release|Any CPU
	EndGlobalSection
	GlobalSection(SolutionProperties) = preSolution
		HideSolutionNode = FALSE
	EndGlobalSection
	GlobalSection(ExtensibilityGlobals) = postSolution
		SolutionGuid = {FAEECDC0-E298-4446-A39A-25AA35DD5891}
	EndGlobalSection
EndGlobal
